
Microsoft Visual Studio Solution File, Format Version 12.00
# Visual Studio 15
VisualStudioVersion = 15.0.27703.2035
MinimumVisualStudioVersion = 10.0.40219.1
Project("{FAE04EC0-301F-11D3-BF4B-00C04F79EFBC}") = "Home_Work_13", "Home_Work_13\Home_Work_13.csproj", "{83BD5CCB-09C6-41E9-8F38-ED087EAB3972}"
EndProject
Global
	GlobalSection(SolutionConfigurationPlatforms) = preSolution
		Debug|Any CPU = Debug|Any CPU
		Release|Any CPU = Release|Any CPU
	EndGlobalSection
	GlobalSection(ProjectConfigurationPlatforms) = postSolution
		{83BD5CCB-09C6-41E9-8F38-ED087EAB3972}.Debug|Any CPU.ActiveCfg = Debug|Any CPU
		{83BD5CCB-09C6-41E9-8F38-ED087EAB3972}.Debug|Any CPU.Build.0 = Debug|Any CPU
		{83BD5CCB-09C6-41E9-8F38-ED087EAB3972}.Release|Any CPU.ActiveCfg = Release|Any CPU
		{83BD5CCB-09C6-41E9-8F38-ED087EAB3972}.Release|Any CPU.Build.0 = Release|Any CPU
	EndGlobalSection
	GlobalSection(SolutionProperties) = preSolution
		HideSolutionNode = FALSE
	EndGlobalSection
	GlobalSection(ExtensibilityGlobals) = postSolution
		SolutionGuid = {BEF7F162-5D4E-4AFE-860A-D4EBBA223B4B}
	EndGlobalSection
EndGlobal
